
Microsoft Visual Studio Solution File, Format Version 12.00
# Visual Studio Version 17
VisualStudioVersion = 17.11.35327.3
MinimumVisualStudioVersion = 10.0.40219.1
Project("{9A19103F-16F7-4668-BE54-9A1E7A4F7556}") = "WebAPI", "WebAPI\WebAPI.csproj", "{B23F3730-B118-4C53-AE46-2E042EA61949}"
EndProject
Project("{9A19103F-16F7-4668-BE54-9A1E7A4F7556}") = "Nertan_Oana_Lab11", "Nertan_Oana_Lab11\Nertan_Oana_Lab11.csproj", "{322B9677-8BA4-4BD0-9FF4-E546CAA38BF1}"
EndProject
Project("{FAE04EC0-301F-11D3-BF4B-00C04F79EFBC}") = "NertanOanaLab11", "NertanOanaLab11\NertanOanaLab11.csproj", "{34365B8D-2D34-46D5-929E-309F4C70C97F}"
EndProject
Global
	GlobalSection(SolutionConfigurationPlatforms) = preSolution
		Debug|Any CPU = Debug|Any CPU
		Release|Any CPU = Release|Any CPU
	EndGlobalSection
	GlobalSection(ProjectConfigurationPlatforms) = postSolution
		{B23F3730-B118-4C53-AE46-2E042EA61949}.Debug|Any CPU.ActiveCfg = Debug|Any CPU
		{B23F3730-B118-4C53-AE46-2E042EA61949}.Debug|Any CPU.Build.0 = Debug|Any CPU
		{B23F3730-B118-4C53-AE46-2E042EA61949}.Release|Any CPU.ActiveCfg = Release|Any CPU
		{B23F3730-B118-4C53-AE46-2E042EA61949}.Release|Any CPU.Build.0 = Release|Any CPU
		{322B9677-8BA4-4BD0-9FF4-E546CAA38BF1}.Debug|Any CPU.ActiveCfg = Debug|Any CPU
		{322B9677-8BA4-4BD0-9FF4-E546CAA38BF1}.Debug|Any CPU.Build.0 = Debug|Any CPU
		{322B9677-8BA4-4BD0-9FF4-E546CAA38BF1}.Debug|Any CPU.Deploy.0 = Debug|Any CPU
		{322B9677-8BA4-4BD0-9FF4-E546CAA38BF1}.Release|Any CPU.ActiveCfg = Release|Any CPU
		{322B9677-8BA4-4BD0-9FF4-E546CAA38BF1}.Release|Any CPU.Build.0 = Release|Any CPU
		{322B9677-8BA4-4BD0-9FF4-E546CAA38BF1}.Release|Any CPU.Deploy.0 = Release|Any CPU
		{34365B8D-2D34-46D5-929E-309F4C70C97F}.Debug|Any CPU.ActiveCfg = Debug|Any CPU
		{34365B8D-2D34-46D5-929E-309F4C70C97F}.Debug|Any CPU.Build.0 = Debug|Any CPU
		{34365B8D-2D34-46D5-929E-309F4C70C97F}.Debug|Any CPU.Deploy.0 = Debug|Any CPU
		{34365B8D-2D34-46D5-929E-309F4C70C97F}.Release|Any CPU.ActiveCfg = Release|Any CPU
		{34365B8D-2D34-46D5-929E-309F4C70C97F}.Release|Any CPU.Build.0 = Release|Any CPU
		{34365B8D-2D34-46D5-929E-309F4C70C97F}.Release|Any CPU.Deploy.0 = Release|Any CPU
	EndGlobalSection
	GlobalSection(SolutionProperties) = preSolution
		HideSolutionNode = FALSE
	EndGlobalSection
	GlobalSection(ExtensibilityGlobals) = postSolution
		SolutionGuid = {3396FAB7-2378-47CC-9D78-3EDB6598C637}
	EndGlobalSection
EndGlobal
